
Microsoft Visual Studio Solution File, Format Version 12.00
# Visual Studio Version 17
VisualStudioVersion = 17.3.32922.545
MinimumVisualStudioVersion = 10.0.40219.1
Project("{FAE04EC0-301F-11D3-BF4B-00C04F79EFBC}") = "BookLoversClub", "BookLoversClub\BookLoversClub.csproj", "{6871F9F0-2C66-4599-8114-D7DB8BF4863A}"
EndProject
Global
	GlobalSection(SolutionConfigurationPlatforms) = preSolution
		Debug|Any CPU = Debug|Any CPU
		Release|Any CPU = Release|Any CPU
	EndGlobalSection
	GlobalSection(ProjectConfigurationPlatforms) = postSolution
		{6871F9F0-2C66-4599-8114-D7DB8BF4863A}.Debug|Any CPU.ActiveCfg = Debug|Any CPU
		{6871F9F0-2C66-4599-8114-D7DB8BF4863A}.Debug|Any CPU.Build.0 = Debug|Any CPU
		{6871F9F0-2C66-4599-8114-D7DB8BF4863A}.Release|Any CPU.ActiveCfg = Release|Any CPU
		{6871F9F0-2C66-4599-8114-D7DB8BF4863A}.Release|Any CPU.Build.0 = Release|Any CPU
	EndGlobalSection
	GlobalSection(SolutionProperties) = preSolution
		HideSolutionNode = FALSE
	EndGlobalSection
	GlobalSection(ExtensibilityGlobals) = postSolution
		SolutionGuid = {250E2096-FE71-4021-A2AA-BB160CC2EF83}
	EndGlobalSection
EndGlobal
